
Microsoft Visual Studio Solution File, Format Version 12.00
# Visual Studio 15
VisualStudioVersion = 15.0.27130.2036
MinimumVisualStudioVersion = 10.0.40219.1
Project("{FAE04EC0-301F-11D3-BF4B-00C04F79EFBC}") = "Ababu", "Ababu\Ababu.csproj", "{6259FB3C-3CF5-4A22-96CA-36D7AB93B135}"
EndProject
Project("{FAE04EC0-301F-11D3-BF4B-00C04F79EFBC}") = "OldAuntie", "OldAuntie\OldAuntie.csproj", "{C4033DA0-B20A-421E-943E-625EBD2158AD}"
EndProject
Global
	GlobalSection(SolutionConfigurationPlatforms) = preSolution
		Debug|Any CPU = Debug|Any CPU
		Release|Any CPU = Release|Any CPU
	EndGlobalSection
	GlobalSection(ProjectConfigurationPlatforms) = postSolution
		{6259FB3C-3CF5-4A22-96CA-36D7AB93B135}.Debug|Any CPU.ActiveCfg = Debug|Any CPU
		{6259FB3C-3CF5-4A22-96CA-36D7AB93B135}.Debug|Any CPU.Build.0 = Debug|Any CPU
		{6259FB3C-3CF5-4A22-96CA-36D7AB93B135}.Release|Any CPU.ActiveCfg = Release|Any CPU
		{6259FB3C-3CF5-4A22-96CA-36D7AB93B135}.Release|Any CPU.Build.0 = Release|Any CPU
		{C4033DA0-B20A-421E-943E-625EBD2158AD}.Debug|Any CPU.ActiveCfg = Debug|Any CPU
		{C4033DA0-B20A-421E-943E-625EBD2158AD}.Debug|Any CPU.Build.0 = Debug|Any CPU
		{C4033DA0-B20A-421E-943E-625EBD2158AD}.Release|Any CPU.ActiveCfg = Release|Any CPU
		{C4033DA0-B20A-421E-943E-625EBD2158AD}.Release|Any CPU.Build.0 = Release|Any CPU
	EndGlobalSection
	GlobalSection(SolutionProperties) = preSolution
		HideSolutionNode = FALSE
	EndGlobalSection
	GlobalSection(ExtensibilityGlobals) = postSolution
		SolutionGuid = {5AF59D41-9173-4159-AD23-054EEE0B7D8D}
	EndGlobalSection
EndGlobal
